{
  "name": "weather-display",
  "version": "0.1.0",
  "lockfileVersion": 1,
  "requires": true,
  "dependencies": {
    "bindings": {
      "version": "1.3.0",
      "resolved": "https://registry.npmjs.org/bindings/-/bindings-1.3.0.tgz",
      "integrity": "sha1-s0b27PapX1qBXFg5/HzbIlAvHtc="
    },
    "gpio-hd44780-driver": {
      "version": "0.1.1",
      "resolved": "https://registry.npmjs.org/gpio-hd44780-driver/-/gpio-hd44780-driver-0.1.1.tgz",
      "integrity": "sha512-9pLLgTCmCOk5hAvm/Lh1MNXDN/4uQBw9CSeb/OgL9B23vylPGxD3xfDU/V+RO0jUJHHGdkro665KX6fP8i83sg==",
      "requires": {
        "rpio": "0.9.20"
      }
    },
    "nan": {
      "version": "2.8.0",
      "resolved": "https://registry.npmjs.org/nan/-/nan-2.8.0.tgz",
      "integrity": "sha1-7XFfP+neArV6XmJS2QqWZ14fCFo="
    },
    "rpio": {
      "version": "0.9.20",
      "resolved": "https://registry.npmjs.org/rpio/-/rpio-0.9.20.tgz",
      "integrity": "sha1-p9XZk6UhABVdHrehKal4E64a7aU=",
      "requires": {
        "bindings": "1.3.0",
        "nan": "2.8.0"
      }
    }
  }
}
